
Microsoft Visual Studio Solution File, Format Version 12.00
# Visual Studio Version 17
VisualStudioVersion = 17.3.32901.215
MinimumVisualStudioVersion = 10.0.40219.1
Project("{FAE04EC0-301F-11D3-BF4B-00C04F79EFBC}") = "ExercicioAbs", "ExercicioAbs\ExercicioAbs.csproj", "{97163F8B-FD24-4CB3-9FC0-78C686D4D292}"
EndProject
Global
	GlobalSection(SolutionConfigurationPlatforms) = preSolution
		Debug|Any CPU = Debug|Any CPU
		Release|Any CPU = Release|Any CPU
	EndGlobalSection
	GlobalSection(ProjectConfigurationPlatforms) = postSolution
		{97163F8B-FD24-4CB3-9FC0-78C686D4D292}.Debug|Any CPU.ActiveCfg = Debug|Any CPU
		{97163F8B-FD24-4CB3-9FC0-78C686D4D292}.Debug|Any CPU.Build.0 = Debug|Any CPU
		{97163F8B-FD24-4CB3-9FC0-78C686D4D292}.Release|Any CPU.ActiveCfg = Release|Any CPU
		{97163F8B-FD24-4CB3-9FC0-78C686D4D292}.Release|Any CPU.Build.0 = Release|Any CPU
	EndGlobalSection
	GlobalSection(SolutionProperties) = preSolution
		HideSolutionNode = FALSE
	EndGlobalSection
	GlobalSection(ExtensibilityGlobals) = postSolution
		SolutionGuid = {B6096C3A-3D14-4431-B3EA-12A6F27497A7}
	EndGlobalSection
EndGlobal
