
Microsoft Visual Studio Solution File, Format Version 12.00
# Visual Studio Version 17
VisualStudioVersion = 17.3.32825.248
MinimumVisualStudioVersion = 10.0.40219.1
Project("{FAE04EC0-301F-11D3-BF4B-00C04F79EFBC}") = "Exercicio01", "Exercicio01\Exercicio01.csproj", "{71A2C98C-21C1-4AE2-90D7-78D03A971E2F}"
EndProject
Global
	GlobalSection(SolutionConfigurationPlatforms) = preSolution
		Debug|Any CPU = Debug|Any CPU
		Release|Any CPU = Release|Any CPU
	EndGlobalSection
	GlobalSection(ProjectConfigurationPlatforms) = postSolution
		{71A2C98C-21C1-4AE2-90D7-78D03A971E2F}.Debug|Any CPU.ActiveCfg = Debug|Any CPU
		{71A2C98C-21C1-4AE2-90D7-78D03A971E2F}.Debug|Any CPU.Build.0 = Debug|Any CPU
		{71A2C98C-21C1-4AE2-90D7-78D03A971E2F}.Release|Any CPU.ActiveCfg = Release|Any CPU
		{71A2C98C-21C1-4AE2-90D7-78D03A971E2F}.Release|Any CPU.Build.0 = Release|Any CPU
	EndGlobalSection
	GlobalSection(SolutionProperties) = preSolution
		HideSolutionNode = FALSE
	EndGlobalSection
	GlobalSection(ExtensibilityGlobals) = postSolution
		SolutionGuid = {2B91B4D5-6CAA-4ED1-8369-E9098233BC84}
	EndGlobalSection
EndGlobal
