
Microsoft Visual Studio Solution File, Format Version 12.00
# Visual Studio Version 17
VisualStudioVersion = 17.3.32825.248
MinimumVisualStudioVersion = 10.0.40219.1
Project("{FAE04EC0-301F-11D3-BF4B-00C04F79EFBC}") = "Exercicio03", "Exercicio03\Exercicio03.csproj", "{55591A01-7463-421B-8C59-B35A0FE1F20D}"
EndProject
Global
	GlobalSection(SolutionConfigurationPlatforms) = preSolution
		Debug|Any CPU = Debug|Any CPU
		Release|Any CPU = Release|Any CPU
	EndGlobalSection
	GlobalSection(ProjectConfigurationPlatforms) = postSolution
		{55591A01-7463-421B-8C59-B35A0FE1F20D}.Debug|Any CPU.ActiveCfg = Debug|Any CPU
		{55591A01-7463-421B-8C59-B35A0FE1F20D}.Debug|Any CPU.Build.0 = Debug|Any CPU
		{55591A01-7463-421B-8C59-B35A0FE1F20D}.Release|Any CPU.ActiveCfg = Release|Any CPU
		{55591A01-7463-421B-8C59-B35A0FE1F20D}.Release|Any CPU.Build.0 = Release|Any CPU
	EndGlobalSection
	GlobalSection(SolutionProperties) = preSolution
		HideSolutionNode = FALSE
	EndGlobalSection
	GlobalSection(ExtensibilityGlobals) = postSolution
		SolutionGuid = {03D276B6-1A3D-4F3E-AD0A-D16D8C51FB95}
	EndGlobalSection
EndGlobal
