
Microsoft Visual Studio Solution File, Format Version 12.00
# Visual Studio Version 17
VisualStudioVersion = 17.3.32929.385
MinimumVisualStudioVersion = 10.0.40219.1
Project("{FAE04EC0-301F-11D3-BF4B-00C04F79EFBC}") = "ComInterface", "ComInterface\ComInterface.csproj", "{5C2286E1-CDDA-45FD-A967-22C6DA2B70E0}"
EndProject
Global
	GlobalSection(SolutionConfigurationPlatforms) = preSolution
		Debug|Any CPU = Debug|Any CPU
		Release|Any CPU = Release|Any CPU
	EndGlobalSection
	GlobalSection(ProjectConfigurationPlatforms) = postSolution
		{5C2286E1-CDDA-45FD-A967-22C6DA2B70E0}.Debug|Any CPU.ActiveCfg = Debug|Any CPU
		{5C2286E1-CDDA-45FD-A967-22C6DA2B70E0}.Debug|Any CPU.Build.0 = Debug|Any CPU
		{5C2286E1-CDDA-45FD-A967-22C6DA2B70E0}.Release|Any CPU.ActiveCfg = Release|Any CPU
		{5C2286E1-CDDA-45FD-A967-22C6DA2B70E0}.Release|Any CPU.Build.0 = Release|Any CPU
	EndGlobalSection
	GlobalSection(SolutionProperties) = preSolution
		HideSolutionNode = FALSE
	EndGlobalSection
	GlobalSection(ExtensibilityGlobals) = postSolution
		SolutionGuid = {A590F196-54CB-425B-B6E7-3E25B9107A73}
	EndGlobalSection
EndGlobal
