
Microsoft Visual Studio Solution File, Format Version 12.00
# Visual Studio Version 17
VisualStudioVersion = 17.3.32901.215
MinimumVisualStudioVersion = 10.0.40219.1
Project("{FAE04EC0-301F-11D3-BF4B-00C04F79EFBC}") = "ExercicioDeFixacaoVet", "ExercicioDeFixacaoVet\ExercicioDeFixacaoVet.csproj", "{0D2F61DA-37D5-452B-AE22-566FEEF4D76F}"
EndProject
Global
	GlobalSection(SolutionConfigurationPlatforms) = preSolution
		Debug|Any CPU = Debug|Any CPU
		Release|Any CPU = Release|Any CPU
	EndGlobalSection
	GlobalSection(ProjectConfigurationPlatforms) = postSolution
		{0D2F61DA-37D5-452B-AE22-566FEEF4D76F}.Debug|Any CPU.ActiveCfg = Debug|Any CPU
		{0D2F61DA-37D5-452B-AE22-566FEEF4D76F}.Debug|Any CPU.Build.0 = Debug|Any CPU
		{0D2F61DA-37D5-452B-AE22-566FEEF4D76F}.Release|Any CPU.ActiveCfg = Release|Any CPU
		{0D2F61DA-37D5-452B-AE22-566FEEF4D76F}.Release|Any CPU.Build.0 = Release|Any CPU
	EndGlobalSection
	GlobalSection(SolutionProperties) = preSolution
		HideSolutionNode = FALSE
	EndGlobalSection
	GlobalSection(ExtensibilityGlobals) = postSolution
		SolutionGuid = {65521CEE-503F-4DDC-8A49-0BBBF9B8668F}
	EndGlobalSection
EndGlobal
